
Microsoft Visual Studio Solution File, Format Version 12.00
# Visual Studio Version 16
VisualStudioVersion = 16.0.30907.101
MinimumVisualStudioVersion = 10.0.40219.1
Project("{FAE04EC0-301F-11D3-BF4B-00C04F79EFBC}") = "primeraaplicacion2", "primeraaplicacion2\primeraaplicacion2.csproj", "{9CAA7113-9E28-4DBE-B68E-EEE44A37E37E}"
EndProject
Global
	GlobalSection(SolutionConfigurationPlatforms) = preSolution
		Debug|Any CPU = Debug|Any CPU
		Release|Any CPU = Release|Any CPU
	EndGlobalSection
	GlobalSection(ProjectConfigurationPlatforms) = postSolution
		{9CAA7113-9E28-4DBE-B68E-EEE44A37E37E}.Debug|Any CPU.ActiveCfg = Debug|Any CPU
		{9CAA7113-9E28-4DBE-B68E-EEE44A37E37E}.Debug|Any CPU.Build.0 = Debug|Any CPU
		{9CAA7113-9E28-4DBE-B68E-EEE44A37E37E}.Release|Any CPU.ActiveCfg = Release|Any CPU
		{9CAA7113-9E28-4DBE-B68E-EEE44A37E37E}.Release|Any CPU.Build.0 = Release|Any CPU
	EndGlobalSection
	GlobalSection(SolutionProperties) = preSolution
		HideSolutionNode = FALSE
	EndGlobalSection
	GlobalSection(ExtensibilityGlobals) = postSolution
		SolutionGuid = {72375C4E-89A9-4683-9422-D68CE2E70E27}
	EndGlobalSection
EndGlobal
