
Microsoft Visual Studio Solution File, Format Version 12.00
# Visual Studio Version 16
VisualStudioVersion = 16.0.30907.101
MinimumVisualStudioVersion = 10.0.40219.1
Project("{FAE04EC0-301F-11D3-BF4B-00C04F79EFBC}") = "primeraaplicacion3", "primeraaplicacion3\primeraaplicacion3.csproj", "{C3ACE396-ECAC-4CE2-B04C-DEB92AF8731E}"
EndProject
Global
	GlobalSection(SolutionConfigurationPlatforms) = preSolution
		Debug|Any CPU = Debug|Any CPU
		Release|Any CPU = Release|Any CPU
	EndGlobalSection
	GlobalSection(ProjectConfigurationPlatforms) = postSolution
		{C3ACE396-ECAC-4CE2-B04C-DEB92AF8731E}.Debug|Any CPU.ActiveCfg = Debug|Any CPU
		{C3ACE396-ECAC-4CE2-B04C-DEB92AF8731E}.Debug|Any CPU.Build.0 = Debug|Any CPU
		{C3ACE396-ECAC-4CE2-B04C-DEB92AF8731E}.Release|Any CPU.ActiveCfg = Release|Any CPU
		{C3ACE396-ECAC-4CE2-B04C-DEB92AF8731E}.Release|Any CPU.Build.0 = Release|Any CPU
	EndGlobalSection
	GlobalSection(SolutionProperties) = preSolution
		HideSolutionNode = FALSE
	EndGlobalSection
	GlobalSection(ExtensibilityGlobals) = postSolution
		SolutionGuid = {2602EB0E-887F-4219-8713-C5AA10893F78}
	EndGlobalSection
EndGlobal
